[[package]]
category = "main"
description = "Extensible memoizing collections and decorators"
name = "cachetools"
optional = false
python-versions = "*"
version = "3.1.1"

[[package]]
category = "main"
description = "Cross-platform colored terminal text."
name = "colorama"
optional = false
python-versions = "*"
version = "0.3.9"

[[package]]
category = "main"
description = "Google API Client Library for Python"
name = "google-api-python-client"
optional = false
python-versions = ">=2.7,!=3.0.*,!=3.1.*,!=3.2.*,!=3.3.*"
version = "1.7.11"

[package.dependencies]
google-auth = ">=1.4.1"
google-auth-httplib2 = ">=0.0.3"
httplib2 = ">=0.9.2,<1dev"
six = ">=1.6.1,<2dev"
uritemplate = ">=3.0.0,<4dev"

[[package]]
category = "main"
description = "Google Authentication Library"
name = "google-auth"
optional = false
python-versions = ">=2.7,!=3.0.*,!=3.1.*,!=3.2.*,!=3.3.*"
version = "1.7.1"

[package.dependencies]
cachetools = ">=2.0.0,<3.2"
pyasn1-modules = ">=0.2.1"
rsa = ">=3.1.4,<4.1"
setuptools = ">=40.3.0"
six = ">=1.9.0"

[[package]]
category = "main"
description = "Google Authentication Library: httplib2 transport"
name = "google-auth-httplib2"
optional = false
python-versions = "*"
version = "0.0.3"

[package.dependencies]
google-auth = "*"
httplib2 = ">=0.9.1"

[[package]]
category = "main"
description = "A comprehensive HTTP client library."
name = "httplib2"
optional = false
python-versions = "*"
version = "0.14.0"

[[package]]
category = "main"
description = "NumPy is the fundamental package for array computing with Python."
name = "numpy"
optional = false
python-versions = ">=2.7,!=3.0.*,!=3.1.*,!=3.2.*,!=3.3.*"
version = "1.16.0"

[[package]]
category = "main"
description = "Wrapper package for OpenCV python bindings."
name = "opencv-contrib-python"
optional = false
python-versions = "*"
version = "3.4.2.17"

[package.dependencies]
numpy = ">=1.11.1"

[[package]]
category = "main"
description = "Python Imaging Library (Fork)"
name = "pillow"
optional = false
python-versions = ">=2.7, !=3.0.*, !=3.1.*, !=3.2.*, !=3.3.*"
version = "5.2.0"

[[package]]
category = "main"
description = "ASN.1 types and codecs"
name = "pyasn1"
optional = false
python-versions = "*"
version = "0.4.8"

[[package]]
category = "main"
description = "A collection of ASN.1-based protocols modules."
name = "pyasn1-modules"
optional = false
python-versions = "*"
version = "0.2.7"

[package.dependencies]
pyasn1 = ">=0.4.6,<0.5.0"

[[package]]
category = "main"
description = "PDF toolkit"
name = "pypdf2"
optional = false
python-versions = "*"
version = "1.26.0"

[[package]]
category = "main"
description = "Read one-dimensional barcodes and QR codes from Python 2 and 3."
name = "pyzbar"
optional = false
python-versions = "*"
version = "0.1.7"

[[package]]
category = "main"
description = "QR Code image generator"
name = "qrcode"
optional = false
python-versions = "*"
version = "6.0"

[package.dependencies]
colorama = "*"
six = "*"

[[package]]
category = "main"
description = "Pure-Python RSA implementation"
name = "rsa"
optional = false
python-versions = "*"
version = "4.0"

[package.dependencies]
pyasn1 = ">=0.1.3"

[[package]]
category = "main"
description = "Python 2 and 3 compatibility utilities"
name = "six"
optional = false
python-versions = ">=2.6, !=3.0.*, !=3.1.*"
version = "1.13.0"

[[package]]
category = "main"
description = "Fast, Extensible Progress Meter"
name = "tqdm"
optional = false
python-versions = ">=2.6, !=3.0.*, !=3.1.*"
version = "4.31.1"

[[package]]
category = "main"
description = "URI templates"
name = "uritemplate"
optional = false
python-versions = "*"
version = "3.0.0"

[[package]]
category = "main"
description = "Ctypes-based simple MagickWand API binding for Python"
name = "wand"
optional = false
python-versions = "*"
version = "0.4.4"

[metadata]
content-hash = "fb309d1dc9f7194b6d808affa64326229ea5aa5fc408fcdc59fd774874846fd7"
python-versions = "^3.7"

[metadata.hashes]
cachetools = ["428266a1c0d36dc5aca63a2d7c5942e88c2c898d72139fca0e97fdd2380517ae", "8ea2d3ce97850f31e4a08b0e2b5e6c34997d7216a9d2c98e0f3978630d4da69a"]
colorama = ["463f8483208e921368c9f306094eb6f725c6ca42b0f97e313cb5d5512459feda", "48eb22f4f8461b1df5734a074b57042430fb06e1d61bd1e11b078c0fe6d7a1f1"]
google-api-python-client = ["3121d55d106ef1a2756e8074239512055bd99eb44da417b3dd680f9a1385adec", "a8a88174f66d92aed7ebbd73744c2c319b4b1ce828e565f9ec721352d2e2fb8c"]
google-auth = ["84105be98837fb8436e9d0bcb7a279fd85fa1d97bb35a077e70ba2fb95bcc983", "baf1b3f8b29a5f96f66753ad848473699322b63f4d68964e510554b12d002443"]
google-auth-httplib2 = ["098fade613c25b4527b2c08fa42d11f3c2037dda8995d86de0745228e965d445", "f1c437842155680cf9918df9bc51c1182fda41feef88c34004bd1978c8157e08"]
httplib2 = ["34537dcdd5e0f2386d29e0e2c6d4a1703a3b982d34c198a5102e6e5d6194b107", "409fa5509298f739b34d5a652df762cb0042507dc93f6633e306b11289d6249d"]
numpy = ["00a458d6821b1e87be873f2126d5646b901047a7480e8ae9773ecf214f0e19f3", "0470c5dc32212a08ebc2405f32e8ceb9a5b1c8ac61a2daf9835ec0856a220495", "24a9c287a4a1c427c2d45bf7c4fc6180c52a08fa0990d4c94e4c86a9b1e23ba5", "25600e8901012180a1b7cd1ac3e27e7793586ecd432383191929ac2edf37ff5d", "2d279bd99329e72c30937bdef82b6dc7779c7607c5a379bab1bf76be1f4c1422", "32af2bcf4bb7631dac19736a6e092ec9715e770dcaa1f85fcd99dec5040b2a4d", "3e90a9fce378114b6c2fc01fff7423300515c7b54b7cc71b02a22bc0bd7dfdd8", "5774d49516c37fd3fc1f232e033d2b152f3323ca4c7bfefd7277e4c67f3c08b4", "64ff21aac30d40c20ba994c94a08d439b8ced3b9c704af897e9e4ba09d10e62c", "803b2af862dcad6c11231ea3cd1015d1293efd6c87088be33d713a9b23e9e419", "95c830b09626508f7808ce7f1344fb98068e63143e6050e5dc3063142fc60007", "96e49a0c82b4e3130093002f625545104037c2d25866fa2e0c90d6e54f5a1fbc", "a1dd8221f0e69038748f47b8bb3248d0b9ecdf13fe837440951c3d5ff72639bb", "a80ecac5664f420556a725a5646f2d1c60a7c0489d68a38b5056393e949e27ac", "b19a47ff1bd2fca0cacdfa830c967746764c32dca6a0c0328d9c893f4bfe2f6b", "be43df2c563e264b38e3318574d80fc8f365df3fb745270934d2dbe54e006f41", "c40cb17188f6ae3c5b6efc6f0fd43a7ddd219b7807fe179e71027849a9b91afc", "c6251e0f0ecac53ba2b99d9f0cc16fa9021914a78869c38213c436ba343641f0", "cb189bd98b2e7ac02df389b6212846ab20661f4bafe16b5a70a6f1728c1cc7cb", "ef4ae41add536cb825d8aa029c15ef510aead06ea5b68daea64f0b9ecbff17db", "f00a2c21f60284e024bba351875f3501c6d5817d64997a0afe4f4355161a8889", "f1232f98a6bbd6d1678249f94028bccc541bbc306aa5c4e1471a881b0e5a3409", "fea682f6ddc09517df0e6d5caad9613c6d91a42232aeb082df67e4d205de19cc"]
opencv-contrib-python = ["08bc85b34652af8b58695473fbcd3859175267d6fd94af0fd22e9209797c724b", "0c66cfb3003b3121ffa10e5e8e9df3f9c9695ea58737cc1cc3148050da262abb", "12689a33d8e33b79904e0b843c2e987f9b8fe146b6156c5bbd26d8df0728b7a7", "17b8e7ae829c6fcf427abd34e378fca129fbf3b43a57e46b1f2d582b44e8a11e", "1ec1f062926520eee82f6ae0502bbe7252b2be08ea0d2b8303387f2d8846a04c", "2291c5d3f7ff58643d4357009776c4ef15acc22e3adf42a28def4f0d00a9e025", "24082be7541d69c12697ffe4a0210c0f9665ad8f783b55e4cb6dcc7d30c16e04", "27569ae60737485c89bba6d6759d54b14966ddaf60e72f834578b0c1deeea73b", "2a1b7c1f555c60785e83a188321a3f8c5047e974ac8556095ca24478471352f9", "36ab0ffc135e47ad1e9fef1622a9464fefbf6cf9d12a2bc15d57f061483af7d6", "374029881bb8a2231d3fc53a0d586e0fa13605af33b18f918d05f0d8de6416a0", "3a093c20d42863d68fe6f7123551d83cf702382c753fd7e35cfc1f4049a576be", "442f115e8121b8837917422a2d6f2854083321460ddd5660e0947d87668e4af2", "5faf2cc6c3aa7e7f2ded2925b8842c3036d9bebee28a24303d7468242ab02394", "7b56e8fd9f13fe7009e20947213f9e10920dd2a743e3a1a00fd112d3546308df", "825b67b4fd0cf4bc1671e01d44560eb42ee0cfadc5c451adf0354a220e55b37f", "a5fb913dee8c0d3aff3446e201bd832fe0936d449c74f53fe4c863d2c27800e7", "ac919e9a8bb4efd1b8694814fa3e0aecb043811fa416d2b70a925eda90245d62", "b84b4d78ac987e07a1e837444c2731b4a72bc7c0a90f3fbf399624d4b379fd2f", "ca67a1154029e3f752305a3b0be28f802ed2272d483c1cf12b6e6e7f4683d319", "d5abbe832c5827fb28c907d4b9c04c7a401764137daaf088a118bec63a5361b9", "dd4688de552fd1e6a78c2df2d64785e8c42def6d482d75104ca9f47daa753216", "e20b1ff15c6207107d0c206529add2900594a9476ea1f35694bba073d939a339", "e330a3cac502403200c1e195fcf70db4147ef6a767e72be21143c6e40eeab711", "e54c1541a19162336a9a2121af63ac1383c0fd0202cbff43cdb0eb0065d9793c", "ee46ff67d232fb6e8894d2e1cf15ef330b4dc98c7570d0b829d8c087029f675a", "fef0dd242d793dbe1c7ff2f4de7c51f75893f2384347062fbd2e64ad1942f7ec"]
pillow = ["00def5b638994f888d1058e4d17c86dec8e1113c3741a0a8a659039aec59a83a", "026449b64e559226cdb8e6d8c931b5965d8fc90ec18ebbb0baa04c5b36503c72", "03dbb224ee196ef30ed2156d41b579143e1efeb422974719a5392fc035e4f574", "03eb0e04f929c102ae24bc436bf1c0c60a4e63b07ebd388e84d8b219df3e6acd", "087b0551ce2d19b3f092f2b5f071a065f7379e748867d070b29999cc83db15e3", "091a0656688d85fd6e10f49a73fa3ab9b37dbfcb2151f5a3ab17f8b879f467ee", "0f3e2d0a9966161b7dfd06d147f901d72c3a88ea1a833359b92193b8e1f68e1c", "114398d0e073b93e1d7da5b5ab92ff4b83c0180625c8031911425e51f4365d2e", "1be66b9a89e367e7d20d6cae419794997921fe105090fafd86ef39e20a3baab2", "1c5e93c40d4ce8cb133d3b105a869be6fa767e703f6eb1003eb4b90583e08a59", "1e977a3ed998a599bda5021fb2c2889060617627d3ae228297a529a082a3cd5c", "22cf3406d135cfcc13ec6228ade774c8461e125c940e80455f500638429be273", "24adccf1e834f82718c7fc8e3ec1093738da95144b8b1e44c99d5fc7d3e9c554", "2a3e362c97a5e6a259ee9cd66553292a1f8928a5bdfa3622fdb1501570834612", "3518f9fc666cbc58a5c1f48a6a23e9e6ceef69665eab43cdad5144de9383e72c", "3709339f4619e8c9b00f53079e40b964f43c5af61fb89a923fe24437167298bb", "3832e26ecbc9d8a500821e3a1d3765bda99d04ae29ffbb2efba49f5f788dc934", "452d159024faf37cc080537df308e8fa0026076eb38eb75185d96ed9642bd6d7", "4fd1f0c2dc02aaec729d91c92cd85a2df0289d88e9f68d1e8faba750bb9c4786", "4fda62030f2c515b6e2e673c57caa55cb04026a81968f3128aae10fc28e5cc27", "5044d75a68b49ce36a813c82d8201384207112d5d81643937fc758c05302f05b", "522184556921512ec484cb93bd84e0bab915d0ac5a372d49571c241a7f73db62", "5914cff11f3e920626da48e564be6818831713a3087586302444b9c70e8552d9", "653d48fe46378f40e3c2b892be88d8440efbb2c9df78559da44c63ad5ecb4142", "6661a7908d68c4a133e03dac8178287aa20a99f841ea90beeb98a233ae3fd710", "6735a7e560df6f0deb78246a6fe056cf2ae392ba2dc060ea8a6f2535aec924f1", "6d26a475a19cb294225738f5c974b3a24599438a67a30ed2d25638f012668026", "791f07fe13937e65285f9ef30664ddf0e10a0230bdb236751fa0ca67725740dd", "79258a8df3e309a54c7ef2ef4a59bb8e28f7e4a8992a3ad17c24b1889ced44f3", "7d74c20b8f1c3e99d3f781d3b8ff5abfefdd7363d61e23bdeba9992ff32cc4b4", "81918afeafc16ba5d9d0d4e9445905f21aac969a4ebb6f2bff4b9886da100f4b", "8194d913ca1f459377c8a4ed8f9b7ad750068b8e0e3f3f9c6963fcc87a84515f", "84d5d31200b11b3c76fab853b89ac898bf2d05c8b3da07c1fcc23feb06359d6e", "989981db57abffb52026b114c9a1f114c7142860a6d30a352d28f8cbf186500b", "a3d7511d3fad1618a82299aab71a5fceee5c015653a77ffea75ced9ef917e71a", "a4a6ac01b8c2f9d2d83719f193e6dea493e18445ce5bfd743d739174daa974d9", "acb90eb6c7ed6526551a78211d84c81e33082a35642ff5fe57489abc14e6bf6e", "b3ef168d4d6fd4fa6685aef7c91400f59f7ab1c0da734541f7031699741fb23f", "c1c5792b6e74bbf2af0f8e892272c2a6c48efa895903211f11b8342e03129fea", "c5dcb5a56aebb8a8f2585042b2f5c496d7624f0bcfe248f0cc33ceb2fd8d39e7", "d16f90810106822833a19bdb24c7cb766959acf791ca0edf5edfec674d55c8ee", "dcdc9cd9880027688007ff8f7c8e7ae6f24e81fae33bfd18d1e691e7bda4855f", "e2807aad4565d8de15391a9548f97818a14ef32624015c7bf3095171e314445e", "e2bed4a04e2ca1050bb5f00865cf2f83c0b92fd62454d9244f690fcd842e27a4", "e87a527c06319428007e8c30511e1f0ce035cb7f14bb4793b003ed532c3b9333", "ebcfc33a6c34984086451e230253bc33727bd17b4cdc4b39ec03032c3a6fc9e9", "f63e420180cbe22ff6e32558b612e75f50616fc111c5e095a4631946c782e109", "f7717eb360d40e7598c30cc44b33d98f79c468d9279379b66c1e28c568e0bf47", "f8582e1ab155302ea9ef1235441a0214919f4f79c4c7c21833ce9eec58181781", "f8b3d413c5a8f84b12cd4c5df1d8e211777c9852c6be3ee9c094b626644d3eab"]
pyasn1 = ["014c0e9976956a08139dc0712ae195324a75e142284d5f87f1a87ee1b068a359", "03840c999ba71680a131cfaee6fab142e1ed9bbd9c693e285cc6aca0d555e576", "0458773cfe65b153891ac249bcf1b5f8f320b7c2ce462151f8fa74de8934becf", "08c3c53b75eaa48d71cf8c710312316392ed40899cb34710d092e96745a358b7", "39c7e2ec30515947ff4e87fb6f456dfc6e84857d34be479c9d4a4ba4bf46aa5d", "5c9414dcfede6e441f7e8f81b43b34e834731003427e5b09e4e00e3172a10f00", "6e7545f1a61025a4e58bb336952c5061697da694db1cae97b116e9c46abcf7c8", "78fa6da68ed2727915c4767bb386ab32cdba863caa7dbe473eaae45f9959da86", "7ab8a544af125fb704feadb008c99a88805126fb525280b2270bb25cc1d78a12", "99fcc3c8d804d1bc6d9a099921e39d827026409a58f2a720dcdb89374ea0c776", "aef77c9fb94a3ac588e87841208bdec464471d9871bd5050a287cc9a475cd0ba", "e89bf84b5437b532b0803ba5c9a5e054d21fec423a89952a74f87fa2c9b7bce2", "fec3e9d8e36808a28efb59b489e4528c10ad0f480e57dcc32b4de5c9d8c9fdf3"]
pyasn1-modules = ["0c35a52e00b672f832e5846826f1fb7507907f7d52fba6faa9e3c4cbe874fe4b", "13a6955947d8a554de78fc305a4d651f20fb5580b88612a5f0661d4f189d27ac", "233f55c840e821e76828262db976ac894b285909d22d060c2bdb522e7bf28cc6", "24d54188cb7abd750e0a2cba61b7b46a75608175a0c3c1b1eee08322915d8d21", "27581362b4253b9c999882a64df974124cde12be0bf2c04148a0d68bc6bbb7b8", "33c220a2701032261a23eea6e9881404ac6fc7ff96f183b5353fea8fc8962547", "64f6aecf26e93f6a3ba3725b4eb9f532551747d7a63ca9ff43aef12f4bf11eac", "7b4edf07ca2f759d7cf693184be09f22e067c2eb52b03c770d0a2e9de1c67dfd", "9b972f81f59d896cebb9ebb1d44296f1acb28bf7869443c37551f4eed8d74f83", "9ca5e376a6d9dee35bb3a62608dfa2e6698798aa6b8db3c7afd0eb31af0d63c7", "b6ada4f840fe51abf5a6bd545b45bf537bea62221fa0dde2e8a553ed9f06a4e3", "c14b107a67ee36a7f183ae9f4803ffde4a03b67f3192eab0a62e851af71371d3", "eaf35047a0b068e3e0c2a99618b13b65c98c329661daa78c9d44a4ef0fe8139e"]
pypdf2 = ["e28f902f2f0a1603ea95ebe21dff311ef09be3d0f0ef29a3e44a932729564385"]
pyzbar = ["16df691a5fa82cb35216508ec5ee32bc469d5f37dca7523d5bbad0271ba13c2c", "60f1e5871f2fff5ea38b2fa5dd2e7060eed828d0e0d937b6c0130a5052aa2a3d", "98ee05a856265b37fc2a135d3d51eca5e753193e3d22e74c482c963e2d1c22d4"]
qrcode = ["037b0db4c93f44586e37f84c3da3f763874fcac85b2974a69a98e399ac78e1bf", "de4ffc15065e6ff20a551ad32b6b41264f3c75275675406ddfa8e3530d154be3"]
rsa = ["14ba45700ff1ec9eeb206a2ce76b32814958a98e372006c8fb76ba820211be66", "1a836406405730121ae9823e19c6e806c62bbad73f890574fff50efa4122c487"]
six = ["1f1b7d42e254082a9db6279deae68afb421ceba6158efa6131de7b3003ee93fd", "30f610279e8b2578cab6db20741130331735c781b56053c59c4076da27f06b66"]
tqdm = ["d385c95361699e5cf7622485d9b9eae2d4864b21cd5a2374a9c381ffed701021", "e22977e3ebe961f72362f6ddfb9197cc531c9737aaf5f607ef09740c849ecd05"]
uritemplate = ["01c69f4fe8ed503b2951bef85d996a9d22434d2431584b5b107b2981ff416fbd", "1b9c467a940ce9fb9f50df819e8ddd14696f89b9a8cc87ac77952ba416e0a8fd", "c02643cebe23fc8adb5e6becffe201185bf06c40bda5c0b4028a93f1527d011d"]
wand = ["28e0454c9d16d69c5d5034918d96320d8f9f1377b4fdaf4944eec2f938c74704", "fb50d0ad4cad995f0b59b13f76bced22682ab80b4299084a2c3c535b225850c9"]
